// !$*UTF8*$!
{
	archiveVersion = 1;
	classes = {
	};
	objectVersion = 46;
	objects = {

/* Begin PBXBuildFile section */
		7B0948A217DC5EF70018E314 /* Foundation.framework in Frameworks */ = {isa = PBXBuildFile; fileRef = 7B0948A117DC5EF70018E314 /* Foundation.framework */; };
		7B0948A417DC5EF70018E314 /* CoreGraphics.framework in Frameworks */ = {isa = PBXBuildFile; fileRef = 7B0948A317DC5EF70018E314 /* CoreGraphics.framework */; };
		7B0948A617DC5EF70018E314 /* UIKit.framework in Frameworks */ = {isa = PBXBuildFile; fileRef = 7B0948A517DC5EF70018E314 /* UIKit.framework */; };
		7B0948AC17DC5EF70018E314 /* InfoPlist.strings in Resources */ = {isa = PBXBuildFile; fileRef = 7B0948AA17DC5EF70018E314 /* InfoPlist.strings */; };
		7B0948AE17DC5EF70018E314 /* main.m in Sources */ = {isa = PBXBuildFile; fileRef = 7B0948AD17DC5EF70018E314 /* main.m */; };
		7B0948B217DC5EF70018E314 /* AppDelegate.m in Sources */ = {isa = PBXBuildFile; fileRef = 7B0948B117DC5EF70018E314 /* AppDelegate.m */; };
		7B0948B517DC5EF70018E314 /* Main.storyboard in Resources */ = {isa = PBXBuildFile; fileRef = 7B0948B317DC5EF70018E314 /* Main.storyboard */; };
		7B0948B817DC5EF70018E314 /* ViewController.m in Sources */ = {isa = PBXBuildFile; fileRef = 7B0948B717DC5EF70018E314 /* ViewController.m */; };
		7B0948BA17DC5EF70018E314 /* Images.xcassets in Resources */ = {isa = PBXBuildFile; fileRef = 7B0948B917DC5EF70018E314 /* Images.xcassets */; };
		7B0948C117DC5EF70018E314 /* XCTest.framework in Frameworks */ = {isa = PBXBuildFile; fileRef = 7B0948C017DC5EF70018E314 /* XCTest.framework */; };
		7B0948C217DC5EF70018E314 /* Foundation.framework in Frameworks */ = {isa = PBXBuildFile; fileRef = 7B0948A117DC5EF70018E314 /* Foundation.framework */; };
		7B0948C317DC5EF70018E314 /* UIKit.framework in Frameworks */ = {isa = PBXBuildFile; fileRef = 7B0948A517DC5EF70018E314 /* UIKit.framework */; };
		7B0948CB17DC5EF70018E314 /* InfoPlist.strings in Resources */ = {isa = PBXBuildFile; fileRef = 7B0948C917DC5EF70018E314 /* InfoPlist.strings */; };
		7B0948CD17DC5EF70018E314 /* HelloWorldTests.m in Sources */ = {isa = PBXBuildFile; fileRef = 7B0948CC17DC5EF70018E314 /* HelloWorldTests.m */; };
		7B09491817DF969C0018E314 /* P1290239.JPG in Resources */ = {isa = PBXBuildFile; fileRef = 7B09491717DF969C0018E314 /* P1290239.JPG */; };
/* End PBXBuildFile section */

/* Begin PBXContainerItemProxy section */
		7B0948C417DC5EF70018E314 /* PBXContainerItemProxy */ = {
			isa = PBXContainerItemProxy;
			containerPortal = 7B09489617DC5EF70018E314 /* Project object */;
			proxyType = 1;
			remoteGlobalIDString = 7B09489D17DC5EF70018E314;
			remoteInfo = HelloWorld;
		};
/* End PBXContainerItemProxy section */

/* Begin PBXFileReference section */
		7B09489E17DC5EF70018E314 /* HelloWorld.app */ = {isa = PBXFileReference; explicitFileType = wrapper.application; includeInIndex = 0; path = HelloWorld.app; sourceTree = BUILT_PRODUCTS_DIR; };
		7B0948A117DC5EF70018E314 /* Foundation.framework */ = {isa = PBXFileReference; lastKnownFileType = wrapper.framework; name = Foundation.framework; path = System/Library/Frameworks/Foundation.framework; sourceTree = SDKROOT; };
		7B0948A317DC5EF70018E314 /* CoreGraphics.framework */ = {isa = PBXFileReference; lastKnownFileType = wrapper.framework; name = CoreGraphics.framework; path = System/Library/Frameworks/CoreGraphics.framework; sourceTree = SDKROOT; };
		7B0948A517DC5EF70018E314 /* UIKit.framework */ = {isa = PBXFileReference; lastKnownFileType = wrapper.framework; name = UIKit.framework; path = System/Library/Frameworks/UIKit.framework; sourceTree = SDKROOT; };
		7B0948A917DC5EF70018E314 /* HelloWorld-Info.plist */ = {isa = PBXFileReference; lastKnownFileType = text.plist.xml; path = "HelloWorld-Info.plist"; sourceTree = "<group>"; };
		7B0948AB17DC5EF70018E314 /* en */ = {isa = PBXFileReference; lastKnownFileType = text.plist.strings; name = en; path = en.lproj/InfoPlist.strings; sourceTree = "<group>"; };
		7B0948AD17DC5EF70018E314 /* main.m */ = {isa = PBXFileReference; lastKnownFileType = sourcecode.c.objc; path = main.m; sourceTree = "<group>"; };
		7B0948AF17DC5EF70018E314 /* HelloWorld-Prefix.pch */ = {isa = PBXFileReference; lastKnownFileType = sourcecode.c.h; path = "HelloWorld-Prefix.pch"; sourceTree = "<group>"; };
		7B0948B017DC5EF70018E314 /* AppDelegate.h */ = {isa = PBXFileReference; lastKnownFileType = sourcecode.c.h; path = AppDelegate.h; sourceTree = "<group>"; };
		7B0948B117DC5EF70018E314 /* AppDelegate.m */ = {isa = PBXFileReference; lastKnownFileType = sourcecode.c.objc; path = AppDelegate.m; sourceTree = "<group>"; };
		7B0948B417DC5EF70018E314 /* Base */ = {isa = PBXFileReference; lastKnownFileType = file.storyboard; name = Base; path = Base.lproj/Main.storyboard; sourceTree = "<group>"; };
		7B0948B617DC5EF70018E314 /* ViewController.h */ = {isa = PBXFileReference; lastKnownFileType = sourcecode.c.h; path = ViewController.h; sourceTree = "<group>"; };
		7B0948B717DC5EF70018E314 /* ViewController.m */ = {isa = PBXFileReference; lastKnownFileType = sourcecode.c.objc; path = ViewController.m; sourceTree = "<group>"; };
		7B0948B917DC5EF70018E314 /* Images.xcassets */ = {isa = PBXFileReference; lastKnownFileType = folder.assetcatalog; path = Images.xcassets; sourceTree = "<group>"; };
		7B0948BF17DC5EF70018E314 /* HelloWorldTests.xctest */ = {isa = PBXFileReference; explicitFileType = wrapper.cfbundle; includeInIndex = 0; path = HelloWorldTests.xctest; sourceTree = BUILT_PRODUCTS_DIR; };
		7B0948C017DC5EF70018E314 /* XCTest.framework */ = {isa = PBXFileReference; lastKnownFileType = wrapper.framework; name = XCTest.framework; path = Library/Frameworks/XCTest.framework; sourceTree = DEVELOPER_DIR; };
		7B0948C817DC5EF70018E314 /* HelloWorldTests-Info.plist */ = {isa = PBXFileReference; lastKnownFileType = text.plist.xml; path = "HelloWorldTests-Info.plist"; sourceTree = "<group>"; };
		7B0948CA17DC5EF70018E314 /* en */ = {isa = PBXFileReference; lastKnownFileType = text.plist.strings; name = en; path = en.lproj/InfoPlist.strings; sourceTree = "<group>"; };
		7B0948CC17DC5EF70018E314 /* HelloWorldTests.m */ = {isa = PBXFileReference; lastKnownFileType = sourcecode.c.objc; path = HelloWorldTests.m; sourceTree = "<group>"; };
		7B09491717DF969C0018E314 /* P1290239.JPG */ = {isa = PBXFileReference; lastKnownFileType = image.jpeg; path = P1290239.JPG; sourceTree = "<group>"; };
/* End PBXFileReference section */

/* Begin PBXFrameworksBuildPhase section */
		7B09489B17DC5EF70018E314 /* Frameworks */ = {
			isa = PBXFrameworksBuildPhase;
			buildActionMask = 2147483647;
			files = (
				7B0948A417DC5EF70018E314 /* CoreGraphics.framework in Frameworks */,
				7B0948A617DC5EF70018E314 /* UIKit.framework in Frameworks */,
				7B0948A217DC5EF70018E314 /* Foundation.framework in Frameworks */,
			);
			runOnlyForDeploymentPostprocessing = 0;
		};
		7B0948BC17DC5EF70018E314 /* Frameworks */ = {
			isa = PBXFrameworksBuildPhase;
			buildActionMask = 2147483647;
			files = (
				7B0948C117DC5EF70018E314 /* XCTest.framework in Frameworks */,
				7B0948C317DC5EF70018E314 /* UIKit.framework in Frameworks */,
				7B0948C217DC5EF70018E314 /* Foundation.framework in Frameworks */,
			);
			runOnlyForDeploymentPostprocessing = 0;
		};
/* End PBXFrameworksBuildPhase section */

/* Begin PBXGroup section */
		7B09489517DC5EF70018E314 = {
			isa = PBXGroup;
			children = (
				7B0948A717DC5EF70018E314 /* HelloWorld */,
				7B0948C617DC5EF70018E314 /* HelloWorldTests */,
				7B0948A017DC5EF70018E314 /* Frameworks */,
				7B09489F17DC5EF70018E314 /* Products */,
			);
			sourceTree = "<group>";
		};
		7B09489F17DC5EF70018E314 /* Products */ = {
			isa = PBXGroup;
			children = (
				7B09489E17DC5EF70018E314 /* HelloWorld.app */,
				7B0948BF17DC5EF70018E314 /* HelloWorldTests.xctest */,
			);
			name = Products;
			sourceTree = "<group>";
		};
		7B0948A017DC5EF70018E314 /* Frameworks */ = {
			isa = PBXGroup;
			children = (
				7B0948A117DC5EF70018E314 /* Foundation.framework */,
				7B0948A317DC5EF70018E314 /* CoreGraphics.framework */,
				7B0948A517DC5EF70018E314 /* UIKit.framework */,
				7B0948C017DC5EF70018E314 /* XCTest.framework */,
			);
			name = Frameworks;
			sourceTree = "<group>";
		};
		7B0948A717DC5EF70018E314 /* HelloWorld */ = {
			isa = PBXGroup;
			children = (
				7B0948B017DC5EF70018E314 /* AppDelegate.h */,
				7B0948B117DC5EF70018E314 /* AppDelegate.m */,
				7B0948B317DC5EF70018E314 /* Main.storyboard */,
				7B0948B617DC5EF70018E314 /* ViewController.h */,
				7B0948B717DC5EF70018E314 /* ViewController.m */,
				7B0948B917DC5EF70018E314 /* Images.xcassets */,
				7B0948A817DC5EF70018E314 /* Supporting Files */,
			);
			path = HelloWorld;
			sourceTree = "<group>";
		};
		7B0948A817DC5EF70018E314 /* Supporting Files */ = {
			isa = PBXGroup;
			children = (
				7B09491717DF969C0018E314 /* P1290239.JPG */,
				7B0948A917DC5EF70018E314 /* HelloWorld-Info.plist */,
				7B0948AA17DC5EF70018E314 /* InfoPlist.strings */,
				7B0948AD17DC5EF70018E314 /* main.m */,
				7B0948AF17DC5EF70018E314 /* HelloWorld-Prefix.pch */,
			);
			name = "Supporting Files";
			sourceTree = "<group>";
		};
		7B0948C617DC5EF70018E314 /* HelloWorldTests */ = {
			isa = PBXGroup;
			children = (
				7B0948CC17DC5EF70018E314 /* HelloWorldTests.m */,
				7B0948C717DC5EF70018E314 /* Supporting Files */,
			);
			path = HelloWorldTests;
			sourceTree = "<group>";
		};
		7B0948C717DC5EF70018E314 /* Supporting Files */ = {
			isa = PBXGroup;
			children = (
				7B0948C817DC5EF70018E314 /* HelloWorldTests-Info.plist */,
				7B0948C917DC5EF70018E314 /* InfoPlist.strings */,
			);
			name = "Supporting Files";
			sourceTree = "<group>";
		};
/* End PBXGroup section */

/* Begin PBXNativeTarget section */
		7B09489D17DC5EF70018E314 /* HelloWorld */ = {
			isa = PBXNativeTarget;
			buildConfigurationList = 7B0948D017DC5EF70018E314 /* Build configuration list for PBXNativeTarget "HelloWorld" */;
			buildPhases = (
				7B09489A17DC5EF70018E314 /* Sources */,
				7B09489B17DC5EF70018E314 /* Frameworks */,
				7B09489C17DC5EF70018E314 /* Resources */,
			);
			buildRules = (
			);
			dependencies = (
			);
			name = HelloWorld;
			productName = HelloWorld;
			productReference = 7B09489E17DC5EF70018E314 /* HelloWorld.app */;
			productType = "com.apple.product-type.application";
		};
		7B0948BE17DC5EF70018E314 /* HelloWorldTests */ = {
			isa = PBXNativeTarget;
			buildConfigurationList = 7B0948D317DC5EF70018E314 /* Build configuration list for PBXNativeTarget "HelloWorldTests" */;
			buildPhases = (
				7B0948BB17DC5EF70018E314 /* Sources */,
				7B0948BC17DC5EF70018E314 /* Frameworks */,
				7B0948BD17DC5EF70018E314 /* Resources */,
			);
			buildRules = (
			);
			dependencies = (
				7B0948C517DC5EF70018E314 /* PBXTargetDependency */,
			);
			name = HelloWorldTests;
			productName = HelloWorldTests;
			productReference = 7B0948BF17DC5EF70018E314 /* HelloWorldTests.xctest */;
			productType = "com.apple.product-type.bundle.unit-test";
		};
/* End PBXNativeTarget section */

/* Begin PBXProject section */
		7B09489617DC5EF70018E314 /* Project object */ = {
			isa = PBXProject;
			attributes = {
				LastUpgradeCheck = 0500;
				ORGANIZATIONNAME = "Matthew Knott";
				TargetAttributes = {
					7B0948BE17DC5EF70018E314 = {
						TestTargetID = 7B09489D17DC5EF70018E314;
					};
				};
			};
			buildConfigurationList = 7B09489917DC5EF70018E314 /* Build configuration list for PBXProject "HelloWorld" */;
			compatibilityVersion = "Xcode 3.2";
			developmentRegion = English;
			hasScannedForEncodings = 0;
			knownRegions = (
				en,
				Base,
			);
			mainGroup = 7B09489517DC5EF70018E314;
			productRefGroup = 7B09489F17DC5EF70018E314 /* Products */;
			projectDirPath = "";
			projectRoot = "";
			targets = (
				7B09489D17DC5EF70018E314 /* HelloWorld */,
				7B0948BE17DC5EF70018E314 /* HelloWorldTests */,
			);
		};
/* End PBXProject section */

/* Begin PBXResourcesBuildPhase section */
		7B09489C17DC5EF70018E314 /* Resources */ = {
			isa = PBXResourcesBuildPhase;
			buildActionMask = 2147483647;
			files = (
				7B0948BA17DC5EF70018E314 /* Images.xcassets in Resources */,
				7B09491817DF969C0018E314 /* P1290239.JPG in Resources */,
				7B0948AC17DC5EF70018E314 /* InfoPlist.strings in Resources */,
				7B0948B517DC5EF70018E314 /* Main.storyboard in Resources */,
			);
			runOnlyForDeploymentPostprocessing = 0;
		};
		7B0948BD17DC5EF70018E314 /* Resources */ = {
			isa = PBXResourcesBuildPhase;
			buildActionMask = 2147483647;
			files = (
				7B0948CB17DC5EF70018E314 /* InfoPlist.strings in Resources */,
			);
			runOnlyForDeploymentPostprocessing = 0;
		};
/* End PBXResourcesBuildPhase section */

/* Begin PBXSourcesBuildPhase section */
		7B09489A17DC5EF70018E314 /* Sources */ = {
			isa = PBXSourcesBuildPhase;
			buildActionMask = 2147483647;
			files = (
				7B0948B817DC5EF70018E314 /* ViewController.m in Sources */,
				7B0948B217DC5EF70018E314 /* AppDelegate.m in Sources */,
				7B0948AE17DC5EF70018E314 /* main.m in Sources */,
			);
			runOnlyForDeploymentPostprocessing = 0;
		};
		7B0948BB17DC5EF70018E314 /* Sources */ = {
			isa = PBXSourcesBuildPhase;
			buildActionMask = 2147483647;
			files = (
				7B0948CD17DC5EF70018E314 /* HelloWorldTests.m in Sources */,
			);
			runOnlyForDeploymentPostprocessing = 0;
		};
/* End PBXSourcesBuildPhase section */

/* Begin PBXTargetDependency section */
		7B0948C517DC5EF70018E314 /* PBXTargetDependency */ = {
			isa = PBXTargetDependency;
			target = 7B09489D17DC5EF70018E314 /* HelloWorld */;
			targetProxy = 7B0948C417DC5EF70018E314 /* PBXContainerItemProxy */;
		};
/* End PBXTargetDependency section */

/* Begin PBXVariantGroup section */
		7B0948AA17DC5EF70018E314 /* InfoPlist.strings */ = {
			isa = PBXVariantGroup;
			children = (
				7B0948AB17DC5EF70018E314 /* en */,
			);
			name = InfoPlist.strings;
			sourceTree = "<group>";
		};
		7B0948B317DC5EF70018E314 /* Main.storyboard */ = {
			isa = PBXVariantGroup;
			children = (
				7B0948B417DC5EF70018E314 /* Base */,
			);
			name = Main.storyboard;
			sourceTree = "<group>";
		};
		7B0948C917DC5EF70018E314 /* InfoPlist.strings */ = {
			isa = PBXVariantGroup;
			children = (
				7B0948CA17DC5EF70018E314 /* en */,
			);
			name = InfoPlist.strings;
			sourceTree = "<group>";
		};
/* End PBXVariantGroup section */

/* Begin XCBuildConfiguration section */
		7B0948CE17DC5EF70018E314 /* Debug */ = {
			isa = XCBuildConfiguration;
			buildSettings = {
				ALWAYS_SEARCH_USER_PATHS = NO;
				CLANG_CXX_LANGUAGE_STANDARD = "gnu++0x";
				CLANG_CXX_LIBRARY = "libc++";
				CLANG_ENABLE_MODULES = YES;
				CLANG_ENABLE_OBJC_ARC = YES;
				CLANG_WARN_BOOL_CONVERSION = YES;
				CLANG_WARN_CONSTANT_CONVERSION = YES;
				CLANG_WARN_DIRECT_OBJC_ISA_USAGE = YES_ERROR;
				CLANG_WARN_EMPTY_BODY = YES;
				CLANG_WARN_ENUM_CONVERSION = YES;
				CLANG_WARN_INT_CONVERSION = YES;
				CLANG_WARN_OBJC_ROOT_CLASS = YES_ERROR;
				CLANG_WARN__DUPLICATE_METHOD_MATCH = YES;
				"CODE_SIGN_IDENTITY[sdk=iphoneos*]" = "iPhone Developer";
				COPY_PHASE_STRIP = NO;
				GCC_C_LANGUAGE_STANDARD = gnu99;
				GCC_DYNAMIC_NO_PIC = NO;
				GCC_OPTIMIZATION_LEVEL = 0;
				GCC_PREPROCESSOR_DEFINITIONS = (
					"DEBUG=1",
					"$(inherited)",
				);
				GCC_SYMBOLS_PRIVATE_EXTERN = NO;
				GCC_WARN_ABOUT_RETURN_TYPE = YES_ERROR;
				GCC_WARN_UNDECLARED_SELECTOR = YES;
				GCC_WARN_UNINITIALIZED_AUTOS = YES;
				GCC_WARN_UNUSED_FUNCTION = YES;
				GCC_WARN_UNUSED_VARIABLE = YES;
				IPHONEOS_DEPLOYMENT_TARGET = 7.0;
				ONLY_ACTIVE_ARCH = YES;
				SDKROOT = iphoneos;
			};
			name = Debug;
		};
		7B0948CF17DC5EF70018E314 /* Release */ = {
			isa = XCBuildConfiguration;
			buildSettings = {
				ALWAYS_SEARCH_USER_PATHS = NO;
				CLANG_CXX_LANGUAGE_STANDARD = "gnu++0x";
				CLANG_CXX_LIBRARY = "libc++";
				CLANG_ENABLE_MODULES = YES;
				CLANG_ENABLE_OBJC_ARC = YES;
				CLANG_WARN_BOOL_CONVERSION = YES;
				CLANG_WARN_CONSTANT_CONVERSION = YES;
				CLANG_WARN_DIRECT_OBJC_ISA_USAGE = YES_ERROR;
				CLANG_WARN_EMPTY_BODY = YES;
				CLANG_WARN_ENUM_CONVERSION = YES;
				CLANG_WARN_INT_CONVERSION = YES;
				CLANG_WARN_OBJC_ROOT_CLASS = YES_ERROR;
				CLANG_WARN__DUPLICATE_METHOD_MATCH = YES;
				"CODE_SIGN_IDENTITY[sdk=iphoneos*]" = "iPhone Developer";
				COPY_PHASE_STRIP = YES;
				ENABLE_NS_ASSERTIONS = NO;
				GCC_C_LANGUAGE_STANDARD = gnu99;
				GCC_WARN_ABOUT_RETURN_TYPE = YES_ERROR;
				GCC_WARN_UNDECLARED_SELECTOR = YES;
				GCC_WARN_UNINITIALIZED_AUTOS = YES;
				GCC_WARN_UNUSED_FUNCTION = YES;
				GCC_WARN_UNUSED_VARIABLE = YES;
				IPHONEOS_DEPLOYMENT_TARGET = 7.0;
				SDKROOT = iphoneos;
				VALIDATE_PRODUCT = YES;
			};
			name = Release;
		};
		7B0948D117DC5EF70018E314 /* Debug */ = {
			isa = XCBuildConfiguration;
			buildSettings = {
				ASSETCATALOG_COMPILER_APPICON_NAME = AppIcon;
				ASSETCATALOG_COMPILER_LAUNCHIMAGE_NAME = LaunchImage;
				GCC_PRECOMPILE_PREFIX_HEADER = YES;
				GCC_PREFIX_HEADER = "HelloWorld/HelloWorld-Prefix.pch";
				INFOPLIST_FILE = "HelloWorld/HelloWorld-Info.plist";
				PRODUCT_NAME = "$(TARGET_NAME)";
				WRAPPER_EXTENSION = app;
			};
			name = Debug;
		};
		7B0948D217DC5EF70018E314 /* Release */ = {
			isa = XCBuildConfiguration;
			buildSettings = {
				ASSETCATALOG_COMPILER_APPICON_NAME = AppIcon;
				ASSETCATALOG_COMPILER_LAUNCHIMAGE_NAME = LaunchImage;
				GCC_PRECOMPILE_PREFIX_HEADER = YES;
				GCC_PREFIX_HEADER = "HelloWorld/HelloWorld-Prefix.pch";
				INFOPLIST_FILE = "HelloWorld/HelloWorld-Info.plist";
				PRODUCT_NAME = "$(TARGET_NAME)";
				WRAPPER_EXTENSION = app;
			};
			name = Release;
		};
		7B0948D417DC5EF70018E314 /* Debug */ = {
			isa = XCBuildConfiguration;
			buildSettings = {
				BUNDLE_LOADER = "$(BUILT_PRODUCTS_DIR)/HelloWorld.app/HelloWorld";
				FRAMEWORK_SEARCH_PATHS = (
					"$(SDKROOT)/Developer/Library/Frameworks",
					"$(inherited)",
					"$(DEVELOPER_FRAMEWORKS_DIR)",
				);
				GCC_PRECOMPILE_PREFIX_HEADER = YES;
				GCC_PREFIX_HEADER = "HelloWorld/HelloWorld-Prefix.pch";
				GCC_PREPROCESSOR_DEFINITIONS = (
					"DEBUG=1",
					"$(inherited)",
				);
				INFOPLIST_FILE = "HelloWorldTests/HelloWorldTests-Info.plist";
				PRODUCT_NAME = "$(TARGET_NAME)";
				TEST_HOST = "$(BUNDLE_LOADER)";
				WRAPPER_EXTENSION = xctest;
			};
			name = Debug;
		};
		7B0948D517DC5EF70018E314 /* Release */ = {
			isa = XCBuildConfiguration;
			buildSettings = {
				BUNDLE_LOADER = "$(BUILT_PRODUCTS_DIR)/HelloWorld.app/HelloWorld";
				FRAMEWORK_SEARCH_PATHS = (
					"$(SDKROOT)/Developer/Library/Frameworks",
					"$(inherited)",
					"$(DEVELOPER_FRAMEWORKS_DIR)",
				);
				GCC_PRECOMPILE_PREFIX_HEADER = YES;
				GCC_PREFIX_HEADER = "HelloWorld/HelloWorld-Prefix.pch";
				INFOPLIST_FILE = "HelloWorldTests/HelloWorldTests-Info.plist";
				PRODUCT_NAME = "$(TARGET_NAME)";
				TEST_HOST = "$(BUNDLE_LOADER)";
				WRAPPER_EXTENSION = xctest;
			};
			name = Release;
		};
/* End XCBuildConfiguration section */

/* Begin XCConfigurationList section */
		7B09489917DC5EF70018E314 /* Build configuration list for PBXProject "HelloWorld" */ = {
			isa = XCConfigurationList;
			buildConfigurations = (
				7B0948CE17DC5EF70018E314 /* Debug */,
				7B0948CF17DC5EF70018E314 /* Release */,
			);
			defaultConfigurationIsVisible = 0;
			defaultConfigurationName = Release;
		};
		7B0948D017DC5EF70018E314 /* Build configuration list for PBXNativeTarget "HelloWorld" */ = {
			isa = XCConfigurationList;
			buildConfigurations = (
				7B0948D117DC5EF70018E314 /* Debug */,
				7B0948D217DC5EF70018E314 /* Release */,
			);
			defaultConfigurationIsVisible = 0;
		};
		7B0948D317DC5EF70018E314 /* Build configuration list for PBXNativeTarget "HelloWorldTests" */ = {
			isa = XCConfigurationList;
			buildConfigurations = (
				7B0948D417DC5EF70018E314 /* Debug */,
				7B0948D517DC5EF70018E314 /* Release */,
			);
			defaultConfigurationIsVisible = 0;
		};
/* End XCConfigurationList section */
	};
	rootObject = 7B09489617DC5EF70018E314 /* Project object */;
}
